// !$*UTF8*$!
{
	archiveVersion = 1;
	classes = {
	};
	objectVersion = 50;
	objects = {

/* Begin PBXBuildFile section */
		7780ED5921D4F25200CC2BA7 /* MocaPlus.storyboard in Resources */ = {isa = PBXBuildFile; fileRef = 7780ED5821D4F25200CC2BA7 /* MocaPlus.storyboard */; };
		7780ED5F21D4F29F00CC2BA7 /* MocaPlusHomeListCell.swift in Sources */ = {isa = PBXBuildFile; fileRef = 7780ED5B21D4F29E00CC2BA7 /* MocaPlusHomeListCell.swift */; };
		7780ED6021D4F29F00CC2BA7 /* MocaPlusDetailTopicCell.swift in Sources */ = {isa = PBXBuildFile; fileRef = 7780ED5C21D4F29F00CC2BA7 /* MocaPlusDetailTopicCell.swift */; };
		7780ED6121D4F29F00CC2BA7 /* MocaPlusCafeCell.swift in Sources */ = {isa = PBXBuildFile; fileRef = 7780ED5D21D4F29F00CC2BA7 /* MocaPlusCafeCell.swift */; };
		7780ED6221D4F29F00CC2BA7 /* MocaPlusCafeImageCell.swift in Sources */ = {isa = PBXBuildFile; fileRef = 7780ED5E21D4F29F00CC2BA7 /* MocaPlusCafeImageCell.swift */; };
		7780ED6521D4F2B900CC2BA7 /* MocaPlusDetailVC.swift in Sources */ = {isa = PBXBuildFile; fileRef = 7780ED6321D4F2B900CC2BA7 /* MocaPlusDetailVC.swift */; };
		7780ED6621D4F2B900CC2BA7 /* MocaPlusHomeVC.swift in Sources */ = {isa = PBXBuildFile; fileRef = 7780ED6421D4F2B900CC2BA7 /* MocaPlusHomeVC.swift */; };
		8517728C6C50F34105911A84 /* Pods_Moca_iOS.framework in Frameworks */ = {isa = PBXBuildFile; fileRef = A5CF79CAADD817390D13AB0A /* Pods_Moca_iOS.framework */; };
		CB08315421D0E4B0000F5D67 /* AppDelegate.swift in Sources */ = {isa = PBXBuildFile; fileRef = CB08315321D0E4B0000F5D67 /* AppDelegate.swift */; };
		CB08315621D0E4B0000F5D67 /* HomeTabMainVC.swift in Sources */ = {isa = PBXBuildFile; fileRef = CB08315521D0E4B0000F5D67 /* HomeTabMainVC.swift */; };
		CB08315921D0E4B0000F5D67 /* Main.storyboard in Resources */ = {isa = PBXBuildFile; fileRef = CB08315721D0E4B0000F5D67 /* Main.storyboard */; };
		CB08315B21D0E4B1000F5D67 /* Assets.xcassets in Resources */ = {isa = PBXBuildFile; fileRef = CB08315A21D0E4B1000F5D67 /* Assets.xcassets */; };
		CB08315E21D0E4B1000F5D67 /* LaunchScreen.storyboard in Resources */ = {isa = PBXBuildFile; fileRef = CB08315C21D0E4B1000F5D67 /* LaunchScreen.storyboard */; };
		CB25AC8E21D3C6F700636DFE /* CommunityContentImageCell.swift in Sources */ = {isa = PBXBuildFile; fileRef = CB25AC8D21D3C6F700636DFE /* CommunityContentImageCell.swift */; };
		CB25AC9021D3CDF800636DFE /* CommunityContentCell.swift in Sources */ = {isa = PBXBuildFile; fileRef = CB25AC8F21D3CDF800636DFE /* CommunityContentCell.swift */; };
		CB25AC9221D3CE1600636DFE /* CommunityCommentCell.swift in Sources */ = {isa = PBXBuildFile; fileRef = CB25AC9121D3CE1600636DFE /* CommunityCommentCell.swift */; };
		CB25AC9421D3DB5200636DFE /* CommunityFollowVC.swift in Sources */ = {isa = PBXBuildFile; fileRef = CB25AC9321D3DB5200636DFE /* CommunityFollowVC.swift */; };
		CB25AC9621D3DC0500636DFE /* CommunityFollwCell.swift in Sources */ = {isa = PBXBuildFile; fileRef = CB25AC9521D3DC0500636DFE /* CommunityFollwCell.swift */; };
		CB25AC9D21D3F0C800636DFE /* ReviewWrittingCell.swift in Sources */ = {isa = PBXBuildFile; fileRef = CB25AC9C21D3F0C800636DFE /* ReviewWrittingCell.swift */; };
		CB25AC9F21D3F0D800636DFE /* ReviewPlusImageCell.swift in Sources */ = {isa = PBXBuildFile; fileRef = CB25AC9E21D3F0D800636DFE /* ReviewPlusImageCell.swift */; };
		CB25ACA121D3F10800636DFE /* CommunityReviewWrittingVC.swift in Sources */ = {isa = PBXBuildFile; fileRef = CB25ACA021D3F10800636DFE /* CommunityReviewWrittingVC.swift */; };
		CB25ACA321D3FDAA00636DFE /* MocaPicksListVC.swift in Sources */ = {isa = PBXBuildFile; fileRef = CB25ACA221D3FDAA00636DFE /* MocaPicksListVC.swift */; };
		CB25ACA621D3FE4200636DFE /* MocaPicksListCell.swift in Sources */ = {isa = PBXBuildFile; fileRef = CB25ACA521D3FE4200636DFE /* MocaPicksListCell.swift */; };
		CB32A08421D249A1004796F7 /* UIView+Extension.swift in Sources */ = {isa = PBXBuildFile; fileRef = CB32A08321D249A1004796F7 /* UIView+Extension.swift */; };
		CB32A08721D24CB7004796F7 /* HomeMocaPicksCell.swift in Sources */ = {isa = PBXBuildFile; fileRef = CB32A08621D24CB7004796F7 /* HomeMocaPicksCell.swift */; };
		CB32A08D21D2520E004796F7 /* HomeMocaPicksCafeListCell.swift in Sources */ = {isa = PBXBuildFile; fileRef = CB32A08C21D2520E004796F7 /* HomeMocaPicksCafeListCell.swift */; };
		CB32A08F21D259B8004796F7 /* HomeConceptListCell.swift in Sources */ = {isa = PBXBuildFile; fileRef = CB32A08E21D259B8004796F7 /* HomeConceptListCell.swift */; };
		CB32A09121D259CB004796F7 /* HomeConceptCell.swift in Sources */ = {isa = PBXBuildFile; fileRef = CB32A09021D259CB004796F7 /* HomeConceptCell.swift */; };
		CB32A09321D28C8C004796F7 /* HomeRankingCell.swift in Sources */ = {isa = PBXBuildFile; fileRef = CB32A09221D28C8C004796F7 /* HomeRankingCell.swift */; };
		CB32A09521D28E30004796F7 /* HomeRankingListCell.swift in Sources */ = {isa = PBXBuildFile; fileRef = CB32A09421D28E30004796F7 /* HomeRankingListCell.swift */; };
		CB32A09721D2A27C004796F7 /* CommunityTabMainVC.swift in Sources */ = {isa = PBXBuildFile; fileRef = CB32A09621D2A27C004796F7 /* CommunityTabMainVC.swift */; };
		CB32A09B21D2A2E3004796F7 /* CommunityFeedCell.swift in Sources */ = {isa = PBXBuildFile; fileRef = CB32A09A21D2A2E3004796F7 /* CommunityFeedCell.swift */; };
		CB8DDB6B21D32FDC001D8191 /* HomeTab.storyboard in Resources */ = {isa = PBXBuildFile; fileRef = CB8DDB6A21D32FDC001D8191 /* HomeTab.storyboard */; };
		CB8DDB6D21D335A8001D8191 /* HomeRankingListVC.swift in Sources */ = {isa = PBXBuildFile; fileRef = CB8DDB6C21D335A8001D8191 /* HomeRankingListVC.swift */; };
		CB8DDB7021D33797001D8191 /* RankingCafeCell.swift in Sources */ = {isa = PBXBuildFile; fileRef = CB8DDB6F21D33797001D8191 /* RankingCafeCell.swift */; };
		CB8DDB7621D363C2001D8191 /* CommunityTab.storyboard in Resources */ = {isa = PBXBuildFile; fileRef = CB8DDB7521D363C2001D8191 /* CommunityTab.storyboard */; };
		CB8DDB8821D3C1C8001D8191 /* CommunityContentVC.swift in Sources */ = {isa = PBXBuildFile; fileRef = CB8DDB8721D3C1C8001D8191 /* CommunityContentVC.swift */; };
		CBF2FC2821D4008A00DFC50A /* MocaPicksCafeVC.swift in Sources */ = {isa = PBXBuildFile; fileRef = CBF2FC2721D4008A00DFC50A /* MocaPicksCafeVC.swift */; };
		CBF2FC2D21D4B5EC00DFC50A /* NanumGothic.otf in Resources */ = {isa = PBXBuildFile; fileRef = CBF2FC2921D4B5EC00DFC50A /* NanumGothic.otf */; };
		CBF2FC2E21D4B5EC00DFC50A /* NanumGothicLight.ttf in Resources */ = {isa = PBXBuildFile; fileRef = CBF2FC2A21D4B5EC00DFC50A /* NanumGothicLight.ttf */; };
		CBF2FC2F21D4B5EC00DFC50A /* NanumGothicBold.ttf in Resources */ = {isa = PBXBuildFile; fileRef = CBF2FC2B21D4B5EC00DFC50A /* NanumGothicBold.ttf */; };
		CBF2FC3021D4B5EC00DFC50A /* NanumGothicExtraBold.otf in Resources */ = {isa = PBXBuildFile; fileRef = CBF2FC2C21D4B5EC00DFC50A /* NanumGothicExtraBold.otf */; };
		CBF2FC3221D4FCC900DFC50A /* MocaPicksBaristaCell.swift in Sources */ = {isa = PBXBuildFile; fileRef = CBF2FC3121D4FCC900DFC50A /* MocaPicksBaristaCell.swift */; };
		CBF2FC3421D4FD2700DFC50A /* MocaPicksEvaluationCell.swift in Sources */ = {isa = PBXBuildFile; fileRef = CBF2FC3321D4FD2700DFC50A /* MocaPicksEvaluationCell.swift */; };
		CBF2FC3621D4FD5E00DFC50A /* MocaPicksAllEvaluationCell.swift in Sources */ = {isa = PBXBuildFile; fileRef = CBF2FC3521D4FD5D00DFC50A /* MocaPicksAllEvaluationCell.swift */; };
		CBF2FC3821D533DD00DFC50A /* CommunityReviewImaegCell.swift in Sources */ = {isa = PBXBuildFile; fileRef = CBF2FC3721D533DD00DFC50A /* CommunityReviewImaegCell.swift */; };
		CBF2FC3A21D616DA00DFC50A /* MocaPicksBaristaDetailCell.swift in Sources */ = {isa = PBXBuildFile; fileRef = CBF2FC3921D616DA00DFC50A /* MocaPicksBaristaDetailCell.swift */; };
		CBF2FC3C21D616EA00DFC50A /* MocaPicksBaristaDetailVC.swift in Sources */ = {isa = PBXBuildFile; fileRef = CBF2FC3B21D616EA00DFC50A /* MocaPicksBaristaDetailVC.swift */; };
/* End PBXBuildFile section */

/* Begin PBXFileReference section */
		7780ED5821D4F25200CC2BA7 /* MocaPlus.storyboard */ = {isa = PBXFileReference; fileEncoding = 4; lastKnownFileType = file.storyboard; path = MocaPlus.storyboard; sourceTree = "<group>"; };
		7780ED5B21D4F29E00CC2BA7 /* MocaPlusHomeListCell.swift */ = {isa = PBXFileReference; fileEncoding = 4; lastKnownFileType = sourcecode.swift; path = MocaPlusHomeListCell.swift; sourceTree = "<group>"; };
		7780ED5C21D4F29F00CC2BA7 /* MocaPlusDetailTopicCell.swift */ = {isa = PBXFileReference; fileEncoding = 4; lastKnownFileType = sourcecode.swift; path = MocaPlusDetailTopicCell.swift; sourceTree = "<group>"; };
		7780ED5D21D4F29F00CC2BA7 /* MocaPlusCafeCell.swift */ = {isa = PBXFileReference; fileEncoding = 4; lastKnownFileType = sourcecode.swift; path = MocaPlusCafeCell.swift; sourceTree = "<group>"; };
		7780ED5E21D4F29F00CC2BA7 /* MocaPlusCafeImageCell.swift */ = {isa = PBXFileReference; fileEncoding = 4; lastKnownFileType = sourcecode.swift; path = MocaPlusCafeImageCell.swift; sourceTree = "<group>"; };
		7780ED6321D4F2B900CC2BA7 /* MocaPlusDetailVC.swift */ = {isa = PBXFileReference; fileEncoding = 4; lastKnownFileType = sourcecode.swift; path = MocaPlusDetailVC.swift; sourceTree = "<group>"; };
		7780ED6421D4F2B900CC2BA7 /* MocaPlusHomeVC.swift */ = {isa = PBXFileReference; fileEncoding = 4; lastKnownFileType = sourcecode.swift; path = MocaPlusHomeVC.swift; sourceTree = "<group>"; };
		8870235A62FE8FFCFDF56460 /* Pods-Moca-iOS.debug.xcconfig */ = {isa = PBXFileReference; includeInIndex = 1; lastKnownFileType = text.xcconfig; name = "Pods-Moca-iOS.debug.xcconfig"; path = "Pods/Target Support Files/Pods-Moca-iOS/Pods-Moca-iOS.debug.xcconfig"; sourceTree = "<group>"; };
		A5CF79CAADD817390D13AB0A /* Pods_Moca_iOS.framework */ = {isa = PBXFileReference; explicitFileType = wrapper.framework; includeInIndex = 0; path = Pods_Moca_iOS.framework; sourceTree = BUILT_PRODUCTS_DIR; };
		CB08315021D0E4B0000F5D67 /* Moca-iOS.app */ = {isa = PBXFileReference; explicitFileType = wrapper.application; includeInIndex = 0; path = "Moca-iOS.app"; sourceTree = BUILT_PRODUCTS_DIR; };
		CB08315321D0E4B0000F5D67 /* AppDelegate.swift */ = {isa = PBXFileReference; lastKnownFileType = sourcecode.swift; path = AppDelegate.swift; sourceTree = "<group>"; };
		CB08315521D0E4B0000F5D67 /* HomeTabMainVC.swift */ = {isa = PBXFileReference; lastKnownFileType = sourcecode.swift; path = HomeTabMainVC.swift; sourceTree = "<group>"; };
		CB08315821D0E4B0000F5D67 /* Base */ = {isa = PBXFileReference; lastKnownFileType = file.storyboard; name = Base; path = Base.lproj/Main.storyboard; sourceTree = "<group>"; };
		CB08315A21D0E4B1000F5D67 /* Assets.xcassets */ = {isa = PBXFileReference; lastKnownFileType = folder.assetcatalog; path = Assets.xcassets; sourceTree = "<group>"; };
		CB08315D21D0E4B1000F5D67 /* Base */ = {isa = PBXFileReference; lastKnownFileType = file.storyboard; name = Base; path = Base.lproj/LaunchScreen.storyboard; sourceTree = "<group>"; };
		CB08315F21D0E4B1000F5D67 /* Info.plist */ = {isa = PBXFileReference; lastKnownFileType = text.plist.xml; path = Info.plist; sourceTree = "<group>"; };
		CB25AC8D21D3C6F700636DFE /* CommunityContentImageCell.swift */ = {isa = PBXFileReference; lastKnownFileType = sourcecode.swift; path = CommunityContentImageCell.swift; sourceTree = "<group>"; };
		CB25AC8F21D3CDF800636DFE /* CommunityContentCell.swift */ = {isa = PBXFileReference; lastKnownFileType = sourcecode.swift; path = CommunityContentCell.swift; sourceTree = "<group>"; };
		CB25AC9121D3CE1600636DFE /* CommunityCommentCell.swift */ = {isa = PBXFileReference; lastKnownFileType = sourcecode.swift; path = CommunityCommentCell.swift; sourceTree = "<group>"; };
		CB25AC9321D3DB5200636DFE /* CommunityFollowVC.swift */ = {isa = PBXFileReference; lastKnownFileType = sourcecode.swift; path = CommunityFollowVC.swift; sourceTree = "<group>"; };
		CB25AC9521D3DC0500636DFE /* CommunityFollwCell.swift */ = {isa = PBXFileReference; lastKnownFileType = sourcecode.swift; path = CommunityFollwCell.swift; sourceTree = "<group>"; };
		CB25AC9C21D3F0C800636DFE /* ReviewWrittingCell.swift */ = {isa = PBXFileReference; lastKnownFileType = sourcecode.swift; path = ReviewWrittingCell.swift; sourceTree = "<group>"; };
		CB25AC9E21D3F0D800636DFE /* ReviewPlusImageCell.swift */ = {isa = PBXFileReference; lastKnownFileType = sourcecode.swift; path = ReviewPlusImageCell.swift; sourceTree = "<group>"; };
		CB25ACA021D3F10800636DFE /* CommunityReviewWrittingVC.swift */ = {isa = PBXFileReference; lastKnownFileType = sourcecode.swift; path = CommunityReviewWrittingVC.swift; sourceTree = "<group>"; };
		CB25ACA221D3FDAA00636DFE /* MocaPicksListVC.swift */ = {isa = PBXFileReference; lastKnownFileType = sourcecode.swift; path = MocaPicksListVC.swift; sourceTree = "<group>"; };
		CB25ACA521D3FE4200636DFE /* MocaPicksListCell.swift */ = {isa = PBXFileReference; lastKnownFileType = sourcecode.swift; path = MocaPicksListCell.swift; sourceTree = "<group>"; };
		CB32A08321D249A1004796F7 /* UIView+Extension.swift */ = {isa = PBXFileReference; lastKnownFileType = sourcecode.swift; path = "UIView+Extension.swift"; sourceTree = "<group>"; };
		CB32A08621D24CB7004796F7 /* HomeMocaPicksCell.swift */ = {isa = PBXFileReference; lastKnownFileType = sourcecode.swift; path = HomeMocaPicksCell.swift; sourceTree = "<group>"; };
		CB32A08C21D2520E004796F7 /* HomeMocaPicksCafeListCell.swift */ = {isa = PBXFileReference; lastKnownFileType = sourcecode.swift; path = HomeMocaPicksCafeListCell.swift; sourceTree = "<group>"; };
		CB32A08E21D259B8004796F7 /* HomeConceptListCell.swift */ = {isa = PBXFileReference; lastKnownFileType = sourcecode.swift; path = HomeConceptListCell.swift; sourceTree = "<group>"; };
		CB32A09021D259CB004796F7 /* HomeConceptCell.swift */ = {isa = PBXFileReference; lastKnownFileType = sourcecode.swift; path = HomeConceptCell.swift; sourceTree = "<group>"; };
		CB32A09221D28C8C004796F7 /* HomeRankingCell.swift */ = {isa = PBXFileReference; lastKnownFileType = sourcecode.swift; path = HomeRankingCell.swift; sourceTree = "<group>"; };
		CB32A09421D28E30004796F7 /* HomeRankingListCell.swift */ = {isa = PBXFileReference; lastKnownFileType = sourcecode.swift; path = HomeRankingListCell.swift; sourceTree = "<group>"; };
		CB32A09621D2A27C004796F7 /* CommunityTabMainVC.swift */ = {isa = PBXFileReference; lastKnownFileType = sourcecode.swift; path = CommunityTabMainVC.swift; sourceTree = "<group>"; };
		CB32A09A21D2A2E3004796F7 /* CommunityFeedCell.swift */ = {isa = PBXFileReference; lastKnownFileType = sourcecode.swift; path = CommunityFeedCell.swift; sourceTree = "<group>"; };
		CB8DDB6A21D32FDC001D8191 /* HomeTab.storyboard */ = {isa = PBXFileReference; lastKnownFileType = file.storyboard; path = HomeTab.storyboard; sourceTree = "<group>"; };
		CB8DDB6C21D335A8001D8191 /* HomeRankingListVC.swift */ = {isa = PBXFileReference; lastKnownFileType = sourcecode.swift; path = HomeRankingListVC.swift; sourceTree = "<group>"; };
		CB8DDB6F21D33797001D8191 /* RankingCafeCell.swift */ = {isa = PBXFileReference; lastKnownFileType = sourcecode.swift; path = RankingCafeCell.swift; sourceTree = "<group>"; };
		CB8DDB7521D363C2001D8191 /* CommunityTab.storyboard */ = {isa = PBXFileReference; lastKnownFileType = file.storyboard; path = CommunityTab.storyboard; sourceTree = "<group>"; };
		CB8DDB8721D3C1C8001D8191 /* CommunityContentVC.swift */ = {isa = PBXFileReference; lastKnownFileType = sourcecode.swift; path = CommunityContentVC.swift; sourceTree = "<group>"; };
		CBF2FC2721D4008A00DFC50A /* MocaPicksCafeVC.swift */ = {isa = PBXFileReference; lastKnownFileType = sourcecode.swift; path = MocaPicksCafeVC.swift; sourceTree = "<group>"; };
		CBF2FC2921D4B5EC00DFC50A /* NanumGothic.otf */ = {isa = PBXFileReference; lastKnownFileType = file; path = NanumGothic.otf; sourceTree = "<group>"; };
		CBF2FC2A21D4B5EC00DFC50A /* NanumGothicLight.ttf */ = {isa = PBXFileReference; lastKnownFileType = file; path = NanumGothicLight.ttf; sourceTree = "<group>"; };
		CBF2FC2B21D4B5EC00DFC50A /* NanumGothicBold.ttf */ = {isa = PBXFileReference; lastKnownFileType = file; path = NanumGothicBold.ttf; sourceTree = "<group>"; };
		CBF2FC2C21D4B5EC00DFC50A /* NanumGothicExtraBold.otf */ = {isa = PBXFileReference; lastKnownFileType = file; path = NanumGothicExtraBold.otf; sourceTree = "<group>"; };
		CBF2FC3121D4FCC900DFC50A /* MocaPicksBaristaCell.swift */ = {isa = PBXFileReference; lastKnownFileType = sourcecode.swift; path = MocaPicksBaristaCell.swift; sourceTree = "<group>"; };
		CBF2FC3321D4FD2700DFC50A /* MocaPicksEvaluationCell.swift */ = {isa = PBXFileReference; lastKnownFileType = sourcecode.swift; path = MocaPicksEvaluationCell.swift; sourceTree = "<group>"; };
		CBF2FC3521D4FD5D00DFC50A /* MocaPicksAllEvaluationCell.swift */ = {isa = PBXFileReference; lastKnownFileType = sourcecode.swift; path = MocaPicksAllEvaluationCell.swift; sourceTree = "<group>"; };
		CBF2FC3721D533DD00DFC50A /* CommunityReviewImaegCell.swift */ = {isa = PBXFileReference; lastKnownFileType = sourcecode.swift; path = CommunityReviewImaegCell.swift; sourceTree = "<group>"; };
		CBF2FC3921D616DA00DFC50A /* MocaPicksBaristaDetailCell.swift */ = {isa = PBXFileReference; lastKnownFileType = sourcecode.swift; path = MocaPicksBaristaDetailCell.swift; sourceTree = "<group>"; };
		CBF2FC3B21D616EA00DFC50A /* MocaPicksBaristaDetailVC.swift */ = {isa = PBXFileReference; lastKnownFileType = sourcecode.swift; path = MocaPicksBaristaDetailVC.swift; sourceTree = "<group>"; };
		F276F3C77C6C9645A0274CB4 /* Pods-Moca-iOS.release.xcconfig */ = {isa = PBXFileReference; includeInIndex = 1; lastKnownFileType = text.xcconfig; name = "Pods-Moca-iOS.release.xcconfig"; path = "Pods/Target Support Files/Pods-Moca-iOS/Pods-Moca-iOS.release.xcconfig"; sourceTree = "<group>"; };
/* End PBXFileReference section */

/* Begin PBXFrameworksBuildPhase section */
		CB08314D21D0E4B0000F5D67 /* Frameworks */ = {
			isa = PBXFrameworksBuildPhase;
			buildActionMask = 2147483647;
			files = (
				8517728C6C50F34105911A84 /* Pods_Moca_iOS.framework in Frameworks */,
			);
			runOnlyForDeploymentPostprocessing = 0;
		};
/* End PBXFrameworksBuildPhase section */

/* Begin PBXGroup section */
		734BBD89EFC0A302C3B76E79 /* Frameworks */ = {
			isa = PBXGroup;
			children = (
				A5CF79CAADD817390D13AB0A /* Pods_Moca_iOS.framework */,
			);
			name = Frameworks;
			sourceTree = "<group>";
		};
		7780ED5A21D4F29300CC2BA7 /* MocaPlus */ = {
			isa = PBXGroup;
			children = (
				7780ED5D21D4F29F00CC2BA7 /* MocaPlusCafeCell.swift */,
				7780ED5E21D4F29F00CC2BA7 /* MocaPlusCafeImageCell.swift */,
				7780ED5C21D4F29F00CC2BA7 /* MocaPlusDetailTopicCell.swift */,
				7780ED5B21D4F29E00CC2BA7 /* MocaPlusHomeListCell.swift */,
			);
			path = MocaPlus;
			sourceTree = "<group>";
		};
		CB08314721D0E4B0000F5D67 = {
			isa = PBXGroup;
			children = (
				CB08315221D0E4B0000F5D67 /* Moca-iOS */,
				CB08315121D0E4B0000F5D67 /* Products */,
				F22DC76F8604CE1CC745F438 /* Pods */,
				734BBD89EFC0A302C3B76E79 /* Frameworks */,
			);
			sourceTree = "<group>";
		};
		CB08315121D0E4B0000F5D67 /* Products */ = {
			isa = PBXGroup;
			children = (
				CB08315021D0E4B0000F5D67 /* Moca-iOS.app */,
			);
			name = Products;
			sourceTree = "<group>";
		};
		CB08315221D0E4B0000F5D67 /* Moca-iOS */ = {
			isa = PBXGroup;
			children = (
				CB32A08521D24C8F004796F7 /* Views */,
				CB08316621D0E4CE000F5D67 /* Viewcontrollers */,
				CB32A08221D2497D004796F7 /* Utils */,
				CB08316521D0E4C5000F5D67 /* Storyboards */,
				CB08316721D0E4DF000F5D67 /* Supporting File */,
			);
			path = "Moca-iOS";
			sourceTree = "<group>";
		};
		CB08316521D0E4C5000F5D67 /* Storyboards */ = {
			isa = PBXGroup;
			children = (
				CB08315721D0E4B0000F5D67 /* Main.storyboard */,
				CB8DDB6A21D32FDC001D8191 /* HomeTab.storyboard */,
				CB8DDB7521D363C2001D8191 /* CommunityTab.storyboard */,
				7780ED5821D4F25200CC2BA7 /* MocaPlus.storyboard */,
				CB08315C21D0E4B1000F5D67 /* LaunchScreen.storyboard */,
			);
			path = Storyboards;
			sourceTree = "<group>";
		};
		CB08316621D0E4CE000F5D67 /* Viewcontrollers */ = {
			isa = PBXGroup;
			children = (
				CB32A09821D2A281004796F7 /* CommunityTab */,
				CB32A08921D24CCA004796F7 /* HomeTab */,
			);
			path = Viewcontrollers;
			sourceTree = "<group>";
		};
		CB08316721D0E4DF000F5D67 /* Supporting File */ = {
			isa = PBXGroup;
			children = (
				CB32A07121D23D13004796F7 /* Fonts */,
				CB08315A21D0E4B1000F5D67 /* Assets.xcassets */,
				CB08315F21D0E4B1000F5D67 /* Info.plist */,
				CB08315321D0E4B0000F5D67 /* AppDelegate.swift */,
			);
			path = "Supporting File";
			sourceTree = "<group>";
		};
		CB25AC9721D3F01800636DFE /* ContentWrite */ = {
			isa = PBXGroup;
			children = (
				CB25AC9C21D3F0C800636DFE /* ReviewWrittingCell.swift */,
				CB25AC9E21D3F0D800636DFE /* ReviewPlusImageCell.swift */,
			);
			path = ContentWrite;
			sourceTree = "<group>";
		};
		CB25ACA421D3FE2100636DFE /* MocaPicks */ = {
			isa = PBXGroup;
			children = (
				CB25ACA521D3FE4200636DFE /* MocaPicksListCell.swift */,
				CBF2FC3121D4FCC900DFC50A /* MocaPicksBaristaCell.swift */,
				CBF2FC3321D4FD2700DFC50A /* MocaPicksEvaluationCell.swift */,
				CBF2FC3521D4FD5D00DFC50A /* MocaPicksAllEvaluationCell.swift */,
				CBF2FC3921D616DA00DFC50A /* MocaPicksBaristaDetailCell.swift */,
			);
			path = MocaPicks;
			sourceTree = "<group>";
		};
		CB32A07121D23D13004796F7 /* Fonts */ = {
			isa = PBXGroup;
			children = (
				CBF2FC2921D4B5EC00DFC50A /* NanumGothic.otf */,
				CBF2FC2B21D4B5EC00DFC50A /* NanumGothicBold.ttf */,
				CBF2FC2C21D4B5EC00DFC50A /* NanumGothicExtraBold.otf */,
				CBF2FC2A21D4B5EC00DFC50A /* NanumGothicLight.ttf */,
			);
			path = Fonts;
			sourceTree = "<group>";
		};
		CB32A08221D2497D004796F7 /* Utils */ = {
			isa = PBXGroup;
			children = (
				CB32A08321D249A1004796F7 /* UIView+Extension.swift */,
			);
			path = Utils;
			sourceTree = "<group>";
		};
		CB32A08521D24C8F004796F7 /* Views */ = {
			isa = PBXGroup;
			children = (
				CB32A09921D2A2B9004796F7 /* CommunityTab */,
				CB32A08821D24CBA004796F7 /* HomeTab */,
			);
			path = Views;
			sourceTree = "<group>";
		};
		CB32A08821D24CBA004796F7 /* HomeTab */ = {
			isa = PBXGroup;
			children = (
				7780ED5A21D4F29300CC2BA7 /* MocaPlus */,
				CB8DDB8921D3C26E001D8191 /* Main */,
				CB8DDB6E21D33777001D8191 /* Ranking */,
				CB25ACA421D3FE2100636DFE /* MocaPicks */,
			);
			path = HomeTab;
			sourceTree = "<group>";
		};
		CB32A08921D24CCA004796F7 /* HomeTab */ = {
			isa = PBXGroup;
			children = (
				CB08315521D0E4B0000F5D67 /* HomeTabMainVC.swift */,
				CB8DDB6C21D335A8001D8191 /* HomeRankingListVC.swift */,
				CB25ACA221D3FDAA00636DFE /* MocaPicksListVC.swift */,
				CBF2FC2721D4008A00DFC50A /* MocaPicksCafeVC.swift */,
				CBF2FC3B21D616EA00DFC50A /* MocaPicksBaristaDetailVC.swift */,
				7780ED6321D4F2B900CC2BA7 /* MocaPlusDetailVC.swift */,
				7780ED6421D4F2B900CC2BA7 /* MocaPlusHomeVC.swift */,
			);
			path = HomeTab;
			sourceTree = "<group>";
		};
		CB32A09821D2A281004796F7 /* CommunityTab */ = {
			isa = PBXGroup;
			children = (
				CB32A09621D2A27C004796F7 /* CommunityTabMainVC.swift */,
				CB8DDB8721D3C1C8001D8191 /* CommunityContentVC.swift */,
				CB25AC9321D3DB5200636DFE /* CommunityFollowVC.swift */,
				CB25ACA021D3F10800636DFE /* CommunityReviewWrittingVC.swift */,
			);
			path = CommunityTab;
			sourceTree = "<group>";
		};
		CB32A09921D2A2B9004796F7 /* CommunityTab */ = {
			isa = PBXGroup;
			children = (
				CB8DDB8A21D3C2A2001D8191 /* Main */,
				CB8DDB8B21D3C2B4001D8191 /* ContentDetail */,
				CB25AC9721D3F01800636DFE /* ContentWrite */,
			);
			path = CommunityTab;
			sourceTree = "<group>";
		};
		CB8DDB6E21D33777001D8191 /* Ranking */ = {
			isa = PBXGroup;
			children = (
				CB8DDB6F21D33797001D8191 /* RankingCafeCell.swift */,
			);
			path = Ranking;
			sourceTree = "<group>";
		};
		CB8DDB8921D3C26E001D8191 /* Main */ = {
			isa = PBXGroup;
			children = (
				CB32A08621D24CB7004796F7 /* HomeMocaPicksCell.swift */,
				CB32A08C21D2520E004796F7 /* HomeMocaPicksCafeListCell.swift */,
				CB32A08E21D259B8004796F7 /* HomeConceptListCell.swift */,
				CB32A09021D259CB004796F7 /* HomeConceptCell.swift */,
				CB32A09221D28C8C004796F7 /* HomeRankingCell.swift */,
				CB32A09421D28E30004796F7 /* HomeRankingListCell.swift */,
			);
			path = Main;
			sourceTree = "<group>";
		};
		CB8DDB8A21D3C2A2001D8191 /* Main */ = {
			isa = PBXGroup;
			children = (
				CB32A09A21D2A2E3004796F7 /* CommunityFeedCell.swift */,
				CBF2FC3721D533DD00DFC50A /* CommunityReviewImaegCell.swift */,
			);
			path = Main;
			sourceTree = "<group>";
		};
		CB8DDB8B21D3C2B4001D8191 /* ContentDetail */ = {
			isa = PBXGroup;
			children = (
				CB25AC8D21D3C6F700636DFE /* CommunityContentImageCell.swift */,
				CB25AC8F21D3CDF800636DFE /* CommunityContentCell.swift */,
				CB25AC9121D3CE1600636DFE /* CommunityCommentCell.swift */,
				CB25AC9521D3DC0500636DFE /* CommunityFollwCell.swift */,
			);
			path = ContentDetail;
			sourceTree = "<group>";
		};
		F22DC76F8604CE1CC745F438 /* Pods */ = {
			isa = PBXGroup;
			children = (
				8870235A62FE8FFCFDF56460 /* Pods-Moca-iOS.debug.xcconfig */,
				F276F3C77C6C9645A0274CB4 /* Pods-Moca-iOS.release.xcconfig */,
			);
			name = Pods;
			sourceTree = "<group>";
		};
/* End PBXGroup section */

/* Begin PBXNativeTarget section */
		CB08314F21D0E4B0000F5D67 /* Moca-iOS */ = {
			isa = PBXNativeTarget;
			buildConfigurationList = CB08316221D0E4B1000F5D67 /* Build configuration list for PBXNativeTarget "Moca-iOS" */;
			buildPhases = (
				E006D0169C9D0643571E680A /* [CP] Check Pods Manifest.lock */,
				CB08314C21D0E4B0000F5D67 /* Sources */,
				CB08314D21D0E4B0000F5D67 /* Frameworks */,
				CB08314E21D0E4B0000F5D67 /* Resources */,
				B263347605735027AAA5927E /* [CP] Embed Pods Frameworks */,
			);
			buildRules = (
			);
			dependencies = (
			);
			name = "Moca-iOS";
			productName = "Moca-iOS";
			productReference = CB08315021D0E4B0000F5D67 /* Moca-iOS.app */;
			productType = "com.apple.product-type.application";
		};
/* End PBXNativeTarget section */

/* Begin PBXProject section */
		CB08314821D0E4B0000F5D67 /* Project object */ = {
			isa = PBXProject;
			attributes = {
				LastSwiftUpdateCheck = 1010;
				LastUpgradeCheck = 1010;
				ORGANIZATIONNAME = "박세은";
				TargetAttributes = {
					CB08314F21D0E4B0000F5D67 = {
						CreatedOnToolsVersion = 10.1;
					};
				};
			};
			buildConfigurationList = CB08314B21D0E4B0000F5D67 /* Build configuration list for PBXProject "Moca-iOS" */;
			compatibilityVersion = "Xcode 9.3";
			developmentRegion = en;
			hasScannedForEncodings = 0;
			knownRegions = (
				en,
				Base,
			);
			mainGroup = CB08314721D0E4B0000F5D67;
			productRefGroup = CB08315121D0E4B0000F5D67 /* Products */;
			projectDirPath = "";
			projectRoot = "";
			targets = (
				CB08314F21D0E4B0000F5D67 /* Moca-iOS */,
			);
		};
/* End PBXProject section */

/* Begin PBXResourcesBuildPhase section */
		CB08314E21D0E4B0000F5D67 /* Resources */ = {
			isa = PBXResourcesBuildPhase;
			buildActionMask = 2147483647;
			files = (
				CBF2FC2E21D4B5EC00DFC50A /* NanumGothicLight.ttf in Resources */,
				CB08315E21D0E4B1000F5D67 /* LaunchScreen.storyboard in Resources */,
				7780ED5921D4F25200CC2BA7 /* MocaPlus.storyboard in Resources */,
				CBF2FC3021D4B5EC00DFC50A /* NanumGothicExtraBold.otf in Resources */,
				CB08315B21D0E4B1000F5D67 /* Assets.xcassets in Resources */,
				CB08315921D0E4B0000F5D67 /* Main.storyboard in Resources */,
				CBF2FC2D21D4B5EC00DFC50A /* NanumGothic.otf in Resources */,
				CBF2FC2F21D4B5EC00DFC50A /* NanumGothicBold.ttf in Resources */,
				CB8DDB6B21D32FDC001D8191 /* HomeTab.storyboard in Resources */,
				CB8DDB7621D363C2001D8191 /* CommunityTab.storyboard in Resources */,
			);
			runOnlyForDeploymentPostprocessing = 0;
		};
/* End PBXResourcesBuildPhase section */

/* Begin PBXShellScriptBuildPhase section */
		B263347605735027AAA5927E /* [CP] Embed Pods Frameworks */ = {
			isa = PBXShellScriptBuildPhase;
			buildActionMask = 2147483647;
			files = (
			);
			inputFileListPaths = (
			);
			inputPaths = (
				"${SRCROOT}/Pods/Target Support Files/Pods-Moca-iOS/Pods-Moca-iOS-frameworks.sh",
				"${BUILT_PRODUCTS_DIR}/Alamofire/Alamofire.framework",
				"${BUILT_PRODUCTS_DIR}/Kingfisher/Kingfisher.framework",
				"${BUILT_PRODUCTS_DIR}/ObjectMapper/ObjectMapper.framework",
				"${BUILT_PRODUCTS_DIR}/SwiftyJSON/SwiftyJSON.framework",
			);
			name = "[CP] Embed Pods Frameworks";
			outputFileListPaths = (
			);
			outputPaths = (
				"${TARGET_BUILD_DIR}/${FRAMEWORKS_FOLDER_PATH}/Alamofire.framework",
				"${TARGET_BUILD_DIR}/${FRAMEWORKS_FOLDER_PATH}/Kingfisher.framework",
				"${TARGET_BUILD_DIR}/${FRAMEWORKS_FOLDER_PATH}/ObjectMapper.framework",
				"${TARGET_BUILD_DIR}/${FRAMEWORKS_FOLDER_PATH}/SwiftyJSON.framework",
			);
			runOnlyForDeploymentPostprocessing = 0;
			shellPath = /bin/sh;
			shellScript = "\"${SRCROOT}/Pods/Target Support Files/Pods-Moca-iOS/Pods-Moca-iOS-frameworks.sh\"\n";
			showEnvVarsInLog = 0;
		};
		E006D0169C9D0643571E680A /* [CP] Check Pods Manifest.lock */ = {
			isa = PBXShellScriptBuildPhase;
			buildActionMask = 2147483647;
			files = (
			);
			inputFileListPaths = (
			);
			inputPaths = (
				"${PODS_PODFILE_DIR_PATH}/Podfile.lock",
				"${PODS_ROOT}/Manifest.lock",
			);
			name = "[CP] Check Pods Manifest.lock";
			outputFileListPaths = (
			);
			outputPaths = (
				"$(DERIVED_FILE_DIR)/Pods-Moca-iOS-checkManifestLockResult.txt",
			);
			runOnlyForDeploymentPostprocessing = 0;
			shellPath = /bin/sh;
			shellScript = "diff \"${PODS_PODFILE_DIR_PATH}/Podfile.lock\" \"${PODS_ROOT}/Manifest.lock\" > /dev/null\nif [ $? != 0 ] ; then\n    # print error to STDERR\n    echo \"error: The sandbox is not in sync with the Podfile.lock. Run 'pod install' or update your CocoaPods installation.\" >&2\n    exit 1\nfi\n# This output is used by Xcode 'outputs' to avoid re-running this script phase.\necho \"SUCCESS\" > \"${SCRIPT_OUTPUT_FILE_0}\"\n";
			showEnvVarsInLog = 0;
		};
/* End PBXShellScriptBuildPhase section */

/* Begin PBXSourcesBuildPhase section */
		CB08314C21D0E4B0000F5D67 /* Sources */ = {
			isa = PBXSourcesBuildPhase;
			buildActionMask = 2147483647;
			files = (
				CBF2FC3421D4FD2700DFC50A /* MocaPicksEvaluationCell.swift in Sources */,
				CBF2FC3A21D616DA00DFC50A /* MocaPicksBaristaDetailCell.swift in Sources */,
				CB32A08721D24CB7004796F7 /* HomeMocaPicksCell.swift in Sources */,
				CB25AC9621D3DC0500636DFE /* CommunityFollwCell.swift in Sources */,
				CB25AC8E21D3C6F700636DFE /* CommunityContentImageCell.swift in Sources */,
				CB8DDB7021D33797001D8191 /* RankingCafeCell.swift in Sources */,
				CB25ACA121D3F10800636DFE /* CommunityReviewWrittingVC.swift in Sources */,
				CB8DDB8821D3C1C8001D8191 /* CommunityContentVC.swift in Sources */,
				CB25AC9221D3CE1600636DFE /* CommunityCommentCell.swift in Sources */,
				CB32A09721D2A27C004796F7 /* CommunityTabMainVC.swift in Sources */,
				CB25ACA621D3FE4200636DFE /* MocaPicksListCell.swift in Sources */,
				CB25AC9021D3CDF800636DFE /* CommunityContentCell.swift in Sources */,
				7780ED6221D4F29F00CC2BA7 /* MocaPlusCafeImageCell.swift in Sources */,
				CB8DDB6D21D335A8001D8191 /* HomeRankingListVC.swift in Sources */,
				CB25AC9D21D3F0C800636DFE /* ReviewWrittingCell.swift in Sources */,
				CBF2FC3821D533DD00DFC50A /* CommunityReviewImaegCell.swift in Sources */,
				7780ED6121D4F29F00CC2BA7 /* MocaPlusCafeCell.swift in Sources */,
				7780ED6021D4F29F00CC2BA7 /* MocaPlusDetailTopicCell.swift in Sources */,
				7780ED5F21D4F29F00CC2BA7 /* MocaPlusHomeListCell.swift in Sources */,
				CB32A08421D249A1004796F7 /* UIView+Extension.swift in Sources */,
				CBF2FC3621D4FD5E00DFC50A /* MocaPicksAllEvaluationCell.swift in Sources */,
				CB32A09B21D2A2E3004796F7 /* CommunityFeedCell.swift in Sources */,
				CBF2FC3C21D616EA00DFC50A /* MocaPicksBaristaDetailVC.swift in Sources */,
				CBF2FC2821D4008A00DFC50A /* MocaPicksCafeVC.swift in Sources */,
				CB25AC9F21D3F0D800636DFE /* ReviewPlusImageCell.swift in Sources */,
				CB32A08F21D259B8004796F7 /* HomeConceptListCell.swift in Sources */,
				CB08315621D0E4B0000F5D67 /* HomeTabMainVC.swift in Sources */,
				7780ED6621D4F2B900CC2BA7 /* MocaPlusHomeVC.swift in Sources */,
				CB32A08D21D2520E004796F7 /* HomeMocaPicksCafeListCell.swift in Sources */,
				CB25ACA321D3FDAA00636DFE /* MocaPicksListVC.swift in Sources */,
				CB08315421D0E4B0000F5D67 /* AppDelegate.swift in Sources */,
				7780ED6521D4F2B900CC2BA7 /* MocaPlusDetailVC.swift in Sources */,
				CB32A09321D28C8C004796F7 /* HomeRankingCell.swift in Sources */,
				CB32A09521D28E30004796F7 /* HomeRankingListCell.swift in Sources */,
				CBF2FC3221D4FCC900DFC50A /* MocaPicksBaristaCell.swift in Sources */,
				CB32A09121D259CB004796F7 /* HomeConceptCell.swift in Sources */,
				CB25AC9421D3DB5200636DFE /* CommunityFollowVC.swift in Sources */,
			);
			runOnlyForDeploymentPostprocessing = 0;
		};
/* End PBXSourcesBuildPhase section */

/* Begin PBXVariantGroup section */
		CB08315721D0E4B0000F5D67 /* Main.storyboard */ = {
			isa = PBXVariantGroup;
			children = (
				CB08315821D0E4B0000F5D67 /* Base */,
			);
			name = Main.storyboard;
			sourceTree = "<group>";
		};
		CB08315C21D0E4B1000F5D67 /* LaunchScreen.storyboard */ = {
			isa = PBXVariantGroup;
			children = (
				CB08315D21D0E4B1000F5D67 /* Base */,
			);
			name = LaunchScreen.storyboard;
			sourceTree = "<group>";
		};
/* End PBXVariantGroup section */

/* Begin XCBuildConfiguration section */
		CB08316021D0E4B1000F5D67 /* Debug */ = {
			isa = XCBuildConfiguration;
			buildSettings = {
				ALWAYS_SEARCH_USER_PATHS = NO;
				CLANG_ANALYZER_NONNULL = YES;
				CLANG_ANALYZER_NUMBER_OBJECT_CONVERSION = YES_AGGRESSIVE;
				CLANG_CXX_LANGUAGE_STANDARD = "gnu++14";
				CLANG_CXX_LIBRARY = "libc++";
				CLANG_ENABLE_MODULES = YES;
				CLANG_ENABLE_OBJC_ARC = YES;
				CLANG_ENABLE_OBJC_WEAK = YES;
				CLANG_WARN_BLOCK_CAPTURE_AUTORELEASING = YES;
				CLANG_WARN_BOOL_CONVERSION = YES;
				CLANG_WARN_COMMA = YES;
				CLANG_WARN_CONSTANT_CONVERSION = YES;
				CLANG_WARN_DEPRECATED_OBJC_IMPLEMENTATIONS = YES;
				CLANG_WARN_DIRECT_OBJC_ISA_USAGE = YES_ERROR;
				CLANG_WARN_DOCUMENTATION_COMMENTS = YES;
				CLANG_WARN_EMPTY_BODY = YES;
				CLANG_WARN_ENUM_CONVERSION = YES;
				CLANG_WARN_INFINITE_RECURSION = YES;
				CLANG_WARN_INT_CONVERSION = YES;
				CLANG_WARN_NON_LITERAL_NULL_CONVERSION = YES;
				CLANG_WARN_OBJC_IMPLICIT_RETAIN_SELF = YES;
				CLANG_WARN_OBJC_LITERAL_CONVERSION = YES;
				CLANG_WARN_OBJC_ROOT_CLASS = YES_ERROR;
				CLANG_WARN_RANGE_LOOP_ANALYSIS = YES;
				CLANG_WARN_STRICT_PROTOTYPES = YES;
				CLANG_WARN_SUSPICIOUS_MOVE = YES;
				CLANG_WARN_UNGUARDED_AVAILABILITY = YES_AGGRESSIVE;
				CLANG_WARN_UNREACHABLE_CODE = YES;
				CLANG_WARN__DUPLICATE_METHOD_MATCH = YES;
				CODE_SIGN_IDENTITY = "iPhone Developer";
				COPY_PHASE_STRIP = NO;
				DEBUG_INFORMATION_FORMAT = dwarf;
				ENABLE_STRICT_OBJC_MSGSEND = YES;
				ENABLE_TESTABILITY = YES;
				GCC_C_LANGUAGE_STANDARD = gnu11;
				GCC_DYNAMIC_NO_PIC = NO;
				GCC_NO_COMMON_BLOCKS = YES;
				GCC_OPTIMIZATION_LEVEL = 0;
				GCC_PREPROCESSOR_DEFINITIONS = (
					"DEBUG=1",
					"$(inherited)",
				);
				GCC_WARN_64_TO_32_BIT_CONVERSION = YES;
				GCC_WARN_ABOUT_RETURN_TYPE = YES_ERROR;
				GCC_WARN_UNDECLARED_SELECTOR = YES;
				GCC_WARN_UNINITIALIZED_AUTOS = YES_AGGRESSIVE;
				GCC_WARN_UNUSED_FUNCTION = YES;
				GCC_WARN_UNUSED_VARIABLE = YES;
				IPHONEOS_DEPLOYMENT_TARGET = 12.1;
				MTL_ENABLE_DEBUG_INFO = INCLUDE_SOURCE;
				MTL_FAST_MATH = YES;
				ONLY_ACTIVE_ARCH = YES;
				SDKROOT = iphoneos;
				SWIFT_ACTIVE_COMPILATION_CONDITIONS = DEBUG;
				SWIFT_OPTIMIZATION_LEVEL = "-Onone";
			};
			name = Debug;
		};
		CB08316121D0E4B1000F5D67 /* Release */ = {
			isa = XCBuildConfiguration;
			buildSettings = {
				ALWAYS_SEARCH_USER_PATHS = NO;
				CLANG_ANALYZER_NONNULL = YES;
				CLANG_ANALYZER_NUMBER_OBJECT_CONVERSION = YES_AGGRESSIVE;
				CLANG_CXX_LANGUAGE_STANDARD = "gnu++14";
				CLANG_CXX_LIBRARY = "libc++";
				CLANG_ENABLE_MODULES = YES;
				CLANG_ENABLE_OBJC_ARC = YES;
				CLANG_ENABLE_OBJC_WEAK = YES;
				CLANG_WARN_BLOCK_CAPTURE_AUTORELEASING = YES;
				CLANG_WARN_BOOL_CONVERSION = YES;
				CLANG_WARN_COMMA = YES;
				CLANG_WARN_CONSTANT_CONVERSION = YES;
				CLANG_WARN_DEPRECATED_OBJC_IMPLEMENTATIONS = YES;
				CLANG_WARN_DIRECT_OBJC_ISA_USAGE = YES_ERROR;
				CLANG_WARN_DOCUMENTATION_COMMENTS = YES;
				CLANG_WARN_EMPTY_BODY = YES;
				CLANG_WARN_ENUM_CONVERSION = YES;
				CLANG_WARN_INFINITE_RECURSION = YES;
				CLANG_WARN_INT_CONVERSION = YES;
				CLANG_WARN_NON_LITERAL_NULL_CONVERSION = YES;
				CLANG_WARN_OBJC_IMPLICIT_RETAIN_SELF = YES;
				CLANG_WARN_OBJC_LITERAL_CONVERSION = YES;
				CLANG_WARN_OBJC_ROOT_CLASS = YES_ERROR;
				CLANG_WARN_RANGE_LOOP_ANALYSIS = YES;
				CLANG_WARN_STRICT_PROTOTYPES = YES;
				CLANG_WARN_SUSPICIOUS_MOVE = YES;
				CLANG_WARN_UNGUARDED_AVAILABILITY = YES_AGGRESSIVE;
				CLANG_WARN_UNREACHABLE_CODE = YES;
				CLANG_WARN__DUPLICATE_METHOD_MATCH = YES;
				CODE_SIGN_IDENTITY = "iPhone Developer";
				COPY_PHASE_STRIP = NO;
				DEBUG_INFORMATION_FORMAT = "dwarf-with-dsym";
				ENABLE_NS_ASSERTIONS = NO;
				ENABLE_STRICT_OBJC_MSGSEND = YES;
				GCC_C_LANGUAGE_STANDARD = gnu11;
				GCC_NO_COMMON_BLOCKS = YES;
				GCC_WARN_64_TO_32_BIT_CONVERSION = YES;
				GCC_WARN_ABOUT_RETURN_TYPE = YES_ERROR;
				GCC_WARN_UNDECLARED_SELECTOR = YES;
				GCC_WARN_UNINITIALIZED_AUTOS = YES_AGGRESSIVE;
				GCC_WARN_UNUSED_FUNCTION = YES;
				GCC_WARN_UNUSED_VARIABLE = YES;
				IPHONEOS_DEPLOYMENT_TARGET = 12.1;
				MTL_ENABLE_DEBUG_INFO = NO;
				MTL_FAST_MATH = YES;
				SDKROOT = iphoneos;
				SWIFT_COMPILATION_MODE = wholemodule;
				SWIFT_OPTIMIZATION_LEVEL = "-O";
				VALIDATE_PRODUCT = YES;
			};
			name = Release;
		};
		CB08316321D0E4B1000F5D67 /* Debug */ = {
			isa = XCBuildConfiguration;
			baseConfigurationReference = 8870235A62FE8FFCFDF56460 /* Pods-Moca-iOS.debug.xcconfig */;
			buildSettings = {
				ASSETCATALOG_COMPILER_APPICON_NAME = AppIcon;
				CODE_SIGN_STYLE = Automatic;
				DEVELOPMENT_TEAM = N6JH7RBUA4;
				INFOPLIST_FILE = "Moca-iOS/Supporting File/Info.plist";
				LD_RUNPATH_SEARCH_PATHS = (
					"$(inherited)",
					"@executable_path/Frameworks",
				);
				PRODUCT_BUNDLE_IDENTIFIER = "pkse1213.Moca-iOS";
				PRODUCT_NAME = "$(TARGET_NAME)";
				SWIFT_VERSION = 4.2;
				TARGETED_DEVICE_FAMILY = "1,2";
			};
			name = Debug;
		};
		CB08316421D0E4B1000F5D67 /* Release */ = {
			isa = XCBuildConfiguration;
			baseConfigurationReference = F276F3C77C6C9645A0274CB4 /* Pods-Moca-iOS.release.xcconfig */;
			buildSettings = {
				ASSETCATALOG_COMPILER_APPICON_NAME = AppIcon;
				CODE_SIGN_STYLE = Automatic;
				DEVELOPMENT_TEAM = N6JH7RBUA4;
				INFOPLIST_FILE = "Moca-iOS/Supporting File/Info.plist";
				LD_RUNPATH_SEARCH_PATHS = (
					"$(inherited)",
					"@executable_path/Frameworks",
				);
				PRODUCT_BUNDLE_IDENTIFIER = "pkse1213.Moca-iOS";
				PRODUCT_NAME = "$(TARGET_NAME)";
				SWIFT_VERSION = 4.2;
				TARGETED_DEVICE_FAMILY = "1,2";
			};
			name = Release;
		};
/* End XCBuildConfiguration section */

/* Begin XCConfigurationList section */
		CB08314B21D0E4B0000F5D67 /* Build configuration list for PBXProject "Moca-iOS" */ = {
			isa = XCConfigurationList;
			buildConfigurations = (
				CB08316021D0E4B1000F5D67 /* Debug */,
				CB08316121D0E4B1000F5D67 /* Release */,
			);
			defaultConfigurationIsVisible = 0;
			defaultConfigurationName = Release;
		};
		CB08316221D0E4B1000F5D67 /* Build configuration list for PBXNativeTarget "Moca-iOS" */ = {
			isa = XCConfigurationList;
			buildConfigurations = (
				CB08316321D0E4B1000F5D67 /* Debug */,
				CB08316421D0E4B1000F5D67 /* Release */,
			);
			defaultConfigurationIsVisible = 0;
			defaultConfigurationName = Release;
		};
/* End XCConfigurationList section */
	};
	rootObject = CB08314821D0E4B0000F5D67 /* Project object */;
}
